<Solution>
  <Configurations>
    <Platform Name="Any CPU" />
    <Platform Name="x64" />
    <Platform Name="x86" />
  </Configurations>
  <Folder Name="/benchmarks/">
    <Project Path="benchmarks/Reservoir.Benchmarks/Reservoir.Benchmarks.csproj" />
  </Folder>
  <Folder Name="/src/">
    <Project Path="src/Reservoir/Reservoir.csproj" />
  </Folder>
  <Folder Name="/tests/">
    <Project Path="tests/Reservoir.Docs.Samples/Reservoir.Docs.Samples.csproj" />
    <Project Path="tests/Reservoir.NetStandard.Tests/Reservoir.NetStandard.Tests.csproj" />
    <Project Path="tests/Reservoir.NativeAot.Tests/Reservoir.NativeAot.Tests.csproj" />
    <Project Path="tests/Reservoir.Tests/Reservoir.Tests.csproj" />
  </Folder>
</Solution>
